<?xml version="1.0" encoding="utf-8"?>
<Project ToolsVersion="4.0" xmlns="http://schemas.microsoft.com/developer/msbuild/2003">
  <ItemGroup>
    <Filter Include="Source Files">
      <UniqueIdentifier>{4FC737F1-C7A5-4376-A066-2A32D752A2FF}</UniqueIdentifier>
      <Extensions>cpp;c;cc;cxx;def;odl;idl;hpj;bat;asm;asmx</Extensions>
    </Filter>
    <Filter Include="Header Files">
      <UniqueIdentifier>{93995380-89BD-4b04-88EB-625FBE52EBFB}</UniqueIdentifier>
      <Extensions>h;hh;hpp;hxx;hm;inl;inc;xsd</Extensions>
    </Filter>
    <Filter Include="Resource Files">
      <UniqueIdentifier>{67DA6AB6-F800-4c08-8B7A-83BB121AAD01}</UniqueIdentifier>
      <Extensions>rc;ico;cur;bmp;dlg;rc2;rct;bin;rgs;gif;jpg;jpeg;jpe;resx;tiff;tif;png;wav;mfcribbon-ms</Extensions>
    </Filter>
    <Filter Include="Source Files\entity">
      <UniqueIdentifier>{c60e1788-bfe0-4fd3-bf02-efde1bd98f94}</UniqueIdentifier>
    </Filter>
    <Filter Include="Source Files\game">
      <UniqueIdentifier>{f425c312-e333-4a30-bf4e-61cb3310dd0c}</UniqueIdentifier>
    </Filter>
    <Filter Include="Source Files\gfx">
      <UniqueIdentifier>{dab701db-261f-4639-8aae-75dddb5ee3c1}</UniqueIdentifier>
    </Filter>
    <Filter Include="Source Files\physics">
      <UniqueIdentifier>{5f4c2f54-6328-4c10-88e0-8590255d93c6}</UniqueIdentifier>
    </Filter>
    <Filter Include="Header Files\entity">
      <UniqueIdentifier>{c2240d15-d6da-4bbc-8bd8-2fddbfabf2d3}</UniqueIdentifier>
    </Filter>
    <Filter Include="Header Files\game">
      <UniqueIdentifier>{f5d48df3-d738-488a-a7ba-0c274019df0a}</UniqueIdentifier>
    </Filter>
    <Filter Include="Header Files\gfx">
      <UniqueIdentifier>{83030c55-39b9-4d8d-855d-195054d3192e}</UniqueIdentifier>
    </Filter>
    <Filter Include="Header Files\physics">
      <UniqueIdentifier>{9acf91aa-e1bb-47a9-b147-06a266bd6d7f}</UniqueIdentifier>
    </Filter>
    <Filter Include="Header Files\entity\projectiles">
      <UniqueIdentifier>{3f816f12-19c4-4e9c-8791-b92d29d4eee7}</UniqueIdentifier>
    </Filter>
    <Filter Include="Header Files\utils">
      <UniqueIdentifier>{4d20b903-f5ba-46be-88dc-f8ef76610583}</UniqueIdentifier>
    </Filter>
    <Filter Include="Header Files\utils\gui">
      <UniqueIdentifier>{7a240219-cbee-4435-aa24-935b61c2b743}</UniqueIdentifier>
    </Filter>
    <Filter Include="Source Files\utils">
      <UniqueIdentifier>{075e76ec-fa66-4c2a-8994-a9549ebc9fb5}</UniqueIdentifier>
    </Filter>
    <Filter Include="Source Files\utils\gui">
      <UniqueIdentifier>{a741bee3-4017-431a-8be8-9fd231802d1c}</UniqueIdentifier>
    </Filter>
    <Filter Include="Header Files\entity\weapons">
      <UniqueIdentifier>{9128f9b3-df54-4918-89e9-4f5e18f4769d}</UniqueIdentifier>
    </Filter>
    <Filter Include="Source Files\entity\weapons">
      <UniqueIdentifier>{3b826686-897d-41f0-aed9-75236a5551e4}</UniqueIdentifier>
    </Filter>
    <Filter Include="Source Files\entity\projectiles">
      <UniqueIdentifier>{236a4ab9-dfbb-4cb7-953c-bbb8103a923e}</UniqueIdentifier>
    </Filter>
    <Filter Include="Header Files\sfx">
      <UniqueIdentifier>{845c6bdf-f6d5-4274-9eba-f11918d775af}</UniqueIdentifier>
    </Filter>
    <Filter Include="Source Files\sfx">
      <UniqueIdentifier>{bb442917-90bf-4f1c-98fc-54269e7e57d6}</UniqueIdentifier>
    </Filter>
  </ItemGroup>
  <ItemGroup>
    <ClCompile Include="src\main.cpp">
      <Filter>Source Files</Filter>
    </ClCompile>
    <ClCompile Include="src\entity\player.cpp">
      <Filter>Source Files\entity</Filter>
    </ClCompile>
    <ClCompile Include="src\entity\projectile.cpp">
      <Filter>Source Files\entity</Filter>
    </ClCompile>
    <ClCompile Include="src\entity\weapon.cpp">
      <Filter>Source Files\entity</Filter>
    </ClCompile>
    <ClCompile Include="src\game\application.cpp">
      <Filter>Source Files\game</Filter>
    </ClCompile>
    <ClCompile Include="src\game\level.cpp">
      <Filter>Source Files\game</Filter>
    </ClCompile>
    <ClCompile Include="src\game\map.cpp">
      <Filter>Source Files\game</Filter>
    </ClCompile>
    <ClCompile Include="src\game\menu.cpp">
      <Filter>Source Files\game</Filter>
    </ClCompile>
    <ClCompile Include="src\gfx\spritesheet.cpp">
      <Filter>Source Files\gfx</Filter>
    </ClCompile>
    <ClCompile Include="src\gfx\texture.cpp">
      <Filter>Source Files\gfx</Filter>
    </ClCompile>
    <ClCompile Include="src\gfx\texutils.cpp">
      <Filter>Source Files\gfx</Filter>
    </ClCompile>
    <ClCompile Include="src\utils\timer.cpp">
      <Filter>Source Files\utils</Filter>
    </ClCompile>
    <ClCompile Include="src\utils\gui\button.cpp">
      <Filter>Source Files\utils\gui</Filter>
    </ClCompile>
    <ClCompile Include="src\physics\physics.cpp">
      <Filter>Source Files\physics</Filter>
    </ClCompile>
    <ClCompile Include="src\game\editorstate.cpp">
      <Filter>Source Files\game</Filter>
    </ClCompile>
    <ClCompile Include="src\game\selectionstate.cpp">
      <Filter>Source Files\game</Filter>
    </ClCompile>
    <ClCompile Include="src\utils\gui\selectionitem.cpp">
      <Filter>Source Files\utils\gui</Filter>
    </ClCompile>
    <ClCompile Include="src\entity\weapons\gun.cpp">
      <Filter>Source Files\entity\weapons</Filter>
    </ClCompile>
    <ClCompile Include="src\entity\projectiles\bullet.cpp">
      <Filter>Source Files\entity\projectiles</Filter>
    </ClCompile>
    <ClCompile Include="src\sfx\music.cpp">
      <Filter>Source Files\sfx</Filter>
    </ClCompile>
  </ItemGroup>
  <ItemGroup>
    <ClInclude Include="include\entity\enemy.h">
      <Filter>Header Files\entity</Filter>
    </ClInclude>
    <ClInclude Include="include\entity\entity.h">
      <Filter>Header Files\entity</Filter>
    </ClInclude>
    <ClInclude Include="include\entity\player.h">
      <Filter>Header Files\entity</Filter>
    </ClInclude>
    <ClInclude Include="include\entity\projectile.h">
      <Filter>Header Files\entity</Filter>
    </ClInclude>
    <ClInclude Include="include\entity\weapon.h">
      <Filter>Header Files\entity</Filter>
    </ClInclude>
    <ClInclude Include="include\game\application.h">
      <Filter>Header Files\game</Filter>
    </ClInclude>
    <ClInclude Include="include\game\camera.h">
      <Filter>Header Files\game</Filter>
    </ClInclude>
    <ClInclude Include="include\game\gamestate.h">
      <Filter>Header Files\game</Filter>
    </ClInclude>
    <ClInclude Include="include\game\level.h">
      <Filter>Header Files\game</Filter>
    </ClInclude>
    <ClInclude Include="include\game\map.h">
      <Filter>Header Files\game</Filter>
    </ClInclude>
    <ClInclude Include="include\game\menu.h">
      <Filter>Header Files\game</Filter>
    </ClInclude>
    <ClInclude Include="include\gfx\spritesheet.h">
      <Filter>Header Files\gfx</Filter>
    </ClInclude>
    <ClInclude Include="include\gfx\texture.h">
      <Filter>Header Files\gfx</Filter>
    </ClInclude>
    <ClInclude Include="include\gfx\texutils.h">
      <Filter>Header Files\gfx</Filter>
    </ClInclude>
    <ClInclude Include="include\physics\AABB.h">
      <Filter>Header Files\physics</Filter>
    </ClInclude>
    <ClInclude Include="include\physics\physics.h">
      <Filter>Header Files\physics</Filter>
    </ClInclude>
    <ClInclude Include="include\utils\general.h">
      <Filter>Header Files\utils</Filter>
    </ClInclude>
    <ClInclude Include="include\utils\singleton.h">
      <Filter>Header Files\utils</Filter>
    </ClInclude>
    <ClInclude Include="include\utils\timer.h">
      <Filter>Header Files\utils</Filter>
    </ClInclude>
    <ClInclude Include="include\utils\vector2f.h">
      <Filter>Header Files\utils</Filter>
    </ClInclude>
    <ClInclude Include="include\utils\gui\button.h">
      <Filter>Header Files\utils\gui</Filter>
    </ClInclude>
    <ClInclude Include="include\entity\projectiles\bullet.h">
      <Filter>Header Files\entity\projectiles</Filter>
    </ClInclude>
    <ClInclude Include="include\game\editorstate.h">
      <Filter>Header Files\game</Filter>
    </ClInclude>
    <ClInclude Include="include\utils\dirent.h">
      <Filter>Header Files\utils</Filter>
    </ClInclude>
    <ClInclude Include="include\game\selectionstate.h">
      <Filter>Header Files\game</Filter>
    </ClInclude>
    <ClInclude Include="include\utils\gui\selectionitem.h">
      <Filter>Header Files\utils\gui</Filter>
    </ClInclude>
    <ClInclude Include="include\entity\weapons\gun.h">
      <Filter>Header Files\entity\weapons</Filter>
    </ClInclude>
    <ClInclude Include="include\sfx\music.h">
      <Filter>Header Files\sfx</Filter>
    </ClInclude>
  </ItemGroup>
</Project>