<?xml version="1.0" encoding="utf-8"?>
<Project ToolsVersion="4.0" xmlns="http://schemas.microsoft.com/developer/msbuild/2003">
  <ItemGroup>
    <Filter Include="Source Files">
      <UniqueIdentifier>{4FC737F1-C7A5-4376-A066-2A32D752A2FF}</UniqueIdentifier>
      <Extensions>cpp;c;cc;cxx;def;odl;idl;hpj;bat;asm;asmx</Extensions>
    </Filter>
    <Filter Include="Header Files">
      <UniqueIdentifier>{93995380-89BD-4b04-88EB-625FBE52EBFB}</UniqueIdentifier>
      <Extensions>h;hh;hpp;hxx;hm;inl;inc;xsd</Extensions>
    </Filter>
    <Filter Include="Resource Files">
      <UniqueIdentifier>{67DA6AB6-F800-4c08-8B7A-83BB121AAD01}</UniqueIdentifier>
      <Extensions>rc;ico;cur;bmp;dlg;rc2;rct;bin;rgs;gif;jpg;jpeg;jpe;resx;tiff;tif;png;wav;mfcribbon-ms</Extensions>
    </Filter>
    <Filter Include="Header Files\entity">
      <UniqueIdentifier>{9aa9d49a-da9c-466a-8516-7585ab2e2afb}</UniqueIdentifier>
    </Filter>
    <Filter Include="Header Files\game">
      <UniqueIdentifier>{2297edcb-040e-4997-ae77-bc80751a8899}</UniqueIdentifier>
    </Filter>
    <Filter Include="Header Files\gfx">
      <UniqueIdentifier>{d03374e0-530d-49f8-a7cc-de0dac551651}</UniqueIdentifier>
    </Filter>
    <Filter Include="Header Files\physics">
      <UniqueIdentifier>{5263c273-46ca-4a19-be04-698d87255d35}</UniqueIdentifier>
    </Filter>
    <Filter Include="Header Files\sfx">
      <UniqueIdentifier>{c286b4c2-17c1-4a02-a3e6-3c0ddbd4c26a}</UniqueIdentifier>
    </Filter>
    <Filter Include="Header Files\utils">
      <UniqueIdentifier>{51f3c93f-9de4-4788-a25b-bc1d257e0cca}</UniqueIdentifier>
    </Filter>
    <Filter Include="Header Files\entity\bosses">
      <UniqueIdentifier>{21a55944-3efc-4d33-93d2-b9ce12711b19}</UniqueIdentifier>
    </Filter>
    <Filter Include="Header Files\entity\weapons">
      <UniqueIdentifier>{f269efa9-5b7d-4a8e-8b41-6db11c913a65}</UniqueIdentifier>
    </Filter>
    <Filter Include="Header Files\entity\enemies">
      <UniqueIdentifier>{2b7056dd-d8cc-454f-aa34-40da9a2c6fac}</UniqueIdentifier>
    </Filter>
    <Filter Include="Header Files\utils\gui">
      <UniqueIdentifier>{18575035-8b09-43d6-bfe1-a078ad9d6748}</UniqueIdentifier>
    </Filter>
    <Filter Include="Source Files\entity">
      <UniqueIdentifier>{864baac9-fc9f-45a9-92ae-e384958806a4}</UniqueIdentifier>
    </Filter>
    <Filter Include="Source Files\game">
      <UniqueIdentifier>{f5396f7b-beae-4888-9515-142fede65e97}</UniqueIdentifier>
    </Filter>
    <Filter Include="Source Files\gfx">
      <UniqueIdentifier>{019d5e46-6d02-402e-b430-bdf8fc64aabc}</UniqueIdentifier>
    </Filter>
    <Filter Include="Source Files\physics">
      <UniqueIdentifier>{9fe901ab-ac90-479f-8efc-d000c5cb01b0}</UniqueIdentifier>
    </Filter>
    <Filter Include="Source Files\sfx">
      <UniqueIdentifier>{1e98bf15-7300-4b85-ae79-ff155c44e063}</UniqueIdentifier>
    </Filter>
    <Filter Include="Source Files\utils">
      <UniqueIdentifier>{3a7d1ac7-afa8-4c58-a068-f1cf68eff69d}</UniqueIdentifier>
    </Filter>
    <Filter Include="Source Files\entity\bosses">
      <UniqueIdentifier>{60264379-d117-4cfd-b831-f9e1c63f0363}</UniqueIdentifier>
    </Filter>
    <Filter Include="Source Files\entity\weapons">
      <UniqueIdentifier>{8d7b5649-1061-4f5c-a5ce-4dbbca83bb37}</UniqueIdentifier>
    </Filter>
    <Filter Include="Source Files\utils\gui">
      <UniqueIdentifier>{f1c70a8b-b04a-4953-9b8b-aa5fbb5f5f94}</UniqueIdentifier>
    </Filter>
  </ItemGroup>
  <ItemGroup>
    <ClInclude Include="resource.h">
      <Filter>Resource Files</Filter>
    </ClInclude>
    <ClInclude Include="include\entity\boss.h">
      <Filter>Header Files\entity</Filter>
    </ClInclude>
    <ClInclude Include="include\entity\enemy.h">
      <Filter>Header Files\entity</Filter>
    </ClInclude>
    <ClInclude Include="include\entity\entity.h">
      <Filter>Header Files\entity</Filter>
    </ClInclude>
    <ClInclude Include="include\entity\player.h">
      <Filter>Header Files\entity</Filter>
    </ClInclude>
    <ClInclude Include="include\entity\projectile.h">
      <Filter>Header Files\entity</Filter>
    </ClInclude>
    <ClInclude Include="include\entity\weapon.h">
      <Filter>Header Files\entity</Filter>
    </ClInclude>
    <ClInclude Include="include\entity\bosses\pikachuboss.h">
      <Filter>Header Files\entity\bosses</Filter>
    </ClInclude>
    <ClInclude Include="include\entity\bosses\satoriboss.h">
      <Filter>Header Files\entity\bosses</Filter>
    </ClInclude>
    <ClInclude Include="include\entity\weapons\gun.h">
      <Filter>Header Files\entity\weapons</Filter>
    </ClInclude>
    <ClInclude Include="include\game\application.h">
      <Filter>Header Files\game</Filter>
    </ClInclude>
    <ClInclude Include="include\game\camera.h">
      <Filter>Header Files\game</Filter>
    </ClInclude>
    <ClInclude Include="include\game\editorstate.h">
      <Filter>Header Files\game</Filter>
    </ClInclude>
    <ClInclude Include="include\game\gamestate.h">
      <Filter>Header Files\game</Filter>
    </ClInclude>
    <ClInclude Include="include\game\level.h">
      <Filter>Header Files\game</Filter>
    </ClInclude>
    <ClInclude Include="include\game\map.h">
      <Filter>Header Files\game</Filter>
    </ClInclude>
    <ClInclude Include="include\game\menu.h">
      <Filter>Header Files\game</Filter>
    </ClInclude>
    <ClInclude Include="include\game\selectionstate.h">
      <Filter>Header Files\game</Filter>
    </ClInclude>
    <ClInclude Include="include\gfx\spritesheet.h">
      <Filter>Header Files\gfx</Filter>
    </ClInclude>
    <ClInclude Include="include\gfx\texture.h">
      <Filter>Header Files\gfx</Filter>
    </ClInclude>
    <ClInclude Include="include\gfx\texutils.h">
      <Filter>Header Files\gfx</Filter>
    </ClInclude>
    <ClInclude Include="include\utils\dirent.h">
      <Filter>Header Files\utils</Filter>
    </ClInclude>
    <ClInclude Include="include\utils\general.h">
      <Filter>Header Files\utils</Filter>
    </ClInclude>
    <ClInclude Include="include\utils\singleton.h">
      <Filter>Header Files\utils</Filter>
    </ClInclude>
    <ClInclude Include="include\utils\timer.h">
      <Filter>Header Files\utils</Filter>
    </ClInclude>
    <ClInclude Include="include\utils\vector2f.h">
      <Filter>Header Files\utils</Filter>
    </ClInclude>
    <ClInclude Include="include\utils\gui\button.h">
      <Filter>Header Files\utils\gui</Filter>
    </ClInclude>
    <ClInclude Include="include\utils\gui\selectionitem.h">
      <Filter>Header Files\utils\gui</Filter>
    </ClInclude>
    <ClInclude Include="include\physics\AABB.h">
      <Filter>Header Files\physics</Filter>
    </ClInclude>
    <ClInclude Include="include\physics\physics.h">
      <Filter>Header Files\physics</Filter>
    </ClInclude>
    <ClInclude Include="include\sfx\music.h">
      <Filter>Header Files\sfx</Filter>
    </ClInclude>
  </ItemGroup>
  <ItemGroup>
    <Image Include="res\player.ico">
      <Filter>Resource Files</Filter>
    </Image>
  </ItemGroup>
  <ItemGroup>
    <ClCompile Include="src\main.cpp">
      <Filter>Source Files</Filter>
    </ClCompile>
    <ClCompile Include="src\entity\weapon.cpp">
      <Filter>Source Files\entity</Filter>
    </ClCompile>
    <ClCompile Include="src\entity\player.cpp">
      <Filter>Source Files\entity</Filter>
    </ClCompile>
    <ClCompile Include="src\entity\projectile.cpp">
      <Filter>Source Files\entity</Filter>
    </ClCompile>
    <ClCompile Include="src\entity\bosses\pikachuboss.cpp">
      <Filter>Source Files\entity\bosses</Filter>
    </ClCompile>
    <ClCompile Include="src\entity\bosses\satoriboss.cpp">
      <Filter>Source Files\entity\bosses</Filter>
    </ClCompile>
    <ClCompile Include="src\entity\weapons\gun.cpp">
      <Filter>Source Files\entity\weapons</Filter>
    </ClCompile>
    <ClCompile Include="src\game\application.cpp">
      <Filter>Source Files\game</Filter>
    </ClCompile>
    <ClCompile Include="src\game\editorstate.cpp">
      <Filter>Source Files\game</Filter>
    </ClCompile>
    <ClCompile Include="src\game\level.cpp">
      <Filter>Source Files\game</Filter>
    </ClCompile>
    <ClCompile Include="src\game\map.cpp">
      <Filter>Source Files\game</Filter>
    </ClCompile>
    <ClCompile Include="src\game\menu.cpp">
      <Filter>Source Files\game</Filter>
    </ClCompile>
    <ClCompile Include="src\game\selectionstate.cpp">
      <Filter>Source Files\game</Filter>
    </ClCompile>
    <ClCompile Include="src\gfx\spritesheet.cpp">
      <Filter>Source Files\gfx</Filter>
    </ClCompile>
    <ClCompile Include="src\gfx\texture.cpp">
      <Filter>Source Files\gfx</Filter>
    </ClCompile>
    <ClCompile Include="src\gfx\texutils.cpp">
      <Filter>Source Files\gfx</Filter>
    </ClCompile>
    <ClCompile Include="src\physics\physics.cpp">
      <Filter>Source Files\physics</Filter>
    </ClCompile>
    <ClCompile Include="src\sfx\music.cpp">
      <Filter>Source Files\sfx</Filter>
    </ClCompile>
    <ClCompile Include="src\utils\timer.cpp">
      <Filter>Source Files\utils</Filter>
    </ClCompile>
    <ClCompile Include="src\utils\gui\button.cpp">
      <Filter>Source Files\utils\gui</Filter>
    </ClCompile>
    <ClCompile Include="src\utils\gui\selectionitem.cpp">
      <Filter>Source Files\utils\gui</Filter>
    </ClCompile>
  </ItemGroup>
</Project>